
Microsoft Visual Studio Solution File, Format Version 12.00
# Visual Studio 14
VisualStudioVersion = 14.0.25420.1
MinimumVisualStudioVersion = 10.0.40219.1
Project("{FAE04EC0-301F-11D3-BF4B-00C04F79EFBC}") = "ServiceTestLib", "ServiceTestLib\ServiceTestLib.csproj", "{4CF899DB-84C2-481B-A9E8-596F03BC07FD}"
EndProject
Project("{FAE04EC0-301F-11D3-BF4B-00C04F79EFBC}") = "SharpService.Test", "SharpService.Test\SharpService.Test.csproj", "{622755DE-5F43-4499-9909-9F9A37479418}"
EndProject
Project("{FAE04EC0-301F-11D3-BF4B-00C04F79EFBC}") = "SharpService", "SharpService\SharpService.csproj", "{7D938C69-3D7D-4C73-A45E-BEAC5CA4F00D}"
EndProject
Global
	GlobalSection(SolutionConfigurationPlatforms) = preSolution
		Debug|Any CPU = Debug|Any CPU
		Release|Any CPU = Release|Any CPU
	EndGlobalSection
	GlobalSection(ProjectConfigurationPlatforms) = postSolution
		{4CF899DB-84C2-481B-A9E8-596F03BC07FD}.Debug|Any CPU.ActiveCfg = Debug|Any CPU
		{4CF899DB-84C2-481B-A9E8-596F03BC07FD}.Debug|Any CPU.Build.0 = Debug|Any CPU
		{4CF899DB-84C2-481B-A9E8-596F03BC07FD}.Release|Any CPU.ActiveCfg = Release|Any CPU
		{4CF899DB-84C2-481B-A9E8-596F03BC07FD}.Release|Any CPU.Build.0 = Release|Any CPU
		{622755DE-5F43-4499-9909-9F9A37479418}.Debug|Any CPU.ActiveCfg = Debug|Any CPU
		{622755DE-5F43-4499-9909-9F9A37479418}.Debug|Any CPU.Build.0 = Debug|Any CPU
		{622755DE-5F43-4499-9909-9F9A37479418}.Release|Any CPU.ActiveCfg = Release|Any CPU
		{622755DE-5F43-4499-9909-9F9A37479418}.Release|Any CPU.Build.0 = Release|Any CPU
		{7D938C69-3D7D-4C73-A45E-BEAC5CA4F00D}.Debug|Any CPU.ActiveCfg = Debug|Any CPU
		{7D938C69-3D7D-4C73-A45E-BEAC5CA4F00D}.Debug|Any CPU.Build.0 = Debug|Any CPU
		{7D938C69-3D7D-4C73-A45E-BEAC5CA4F00D}.Release|Any CPU.ActiveCfg = Release|Any CPU
		{7D938C69-3D7D-4C73-A45E-BEAC5CA4F00D}.Release|Any CPU.Build.0 = Release|Any CPU
	EndGlobalSection
	GlobalSection(SolutionProperties) = preSolution
		HideSolutionNode = FALSE
	EndGlobalSection
EndGlobal
